# Linux CPython3.11.9, immutable exact pins; source-built vLLM/Transformers/PEFT handled separately.
accelerate==1.15.0 --hash=sha256:97eacca0b73e45cb867dbf8c5d5d4dc32219544300e0c8992c7334dc2ef33cec
agent-detector==2.0.0 --hash=sha256:22c6a1c9c23894a12f55aea625f060b8d3330fba774de72d02d5442bb580417f
aiohappyeyeballs==2.7.1 --hash=sha256:9243213661e29250eb41368e5daa826fc017156c3b8a11440826b2e3ed376472
aiohttp==3.14.3 --hash=sha256:53e7b4ce82b54a8bcc71b3b67a5cbd177ca1d7f592cbc92cd38b7349f73482db
aiosignal==1.4.0 --hash=sha256:053243f8b92b990551949e63930a839ff0cf0b0ebbe0597b0f3fb19e1a0fe82e
annotated-doc==0.0.5 --hash=sha256:117bac03a25ede5df5440e855b32d556049ca169ead221505badf432fed4b101
annotated-types==0.8.0 --hash=sha256:f072f4d804ea359e4eaf198b1af7a8b0943881a87f31bb764f8bf219bb9419e0
anthropic==0.71.0 --hash=sha256:85c5015fcdbdc728390f11b17642a65a4365d03b12b799b18b6cc57e71fdb327
anyio==4.15.1 --hash=sha256:6152fdbbf9a77fdec97731721bebf7c4c44f7c29b424b0065826173efc7ed101
apache-tvm-ffi==0.1.14.post1 --hash=sha256:4b01a5a3fa07ed3315d5ef1e05d3542dae57a119ef7e77c54bc062414e242f65
astor==0.8.1 --hash=sha256:070a54e890cefb5b3739d19f30f5a5ec840ffc9c50ffa7d23cc9fc1a38ebbfc5
attrs==26.1.0 --hash=sha256:c647aa4a12dfbad9333ca4e71fe62ddc36f4e63b2d260a37a8b83d2f043ac309
blake3==1.0.10 --hash=sha256:6cb28e28235370abc901294852282e08bca545a4ef02878cecb6c58a8a8b25d3
build==1.2.2.post1 --hash=sha256:1d61c0887fa860c01971625baae8bdd338e517b836a2f70dd1f7aa3a6b2fc5b5
cachetools==7.2.0 --hash=sha256:3045213f186b89fdd95d94441354c4bd87c570b7a38d8c3fd1d9dd37f6dc90d8
cbor2==6.1.5 --hash=sha256:dd3e4f08aaf25bca5db6274ac40e4d138b0e09890510c1fda20d5b7840e505fa
certifi==2026.7.22 --hash=sha256:62f22742b58a1a33014a2b6b706588a8d7e2a88ae7bd1a6ebe8c992928483775
charset-normalizer==3.5.2 --hash=sha256:211d5a3eb6af8f513b8d4ca19a8c1b7accab1b5f0d3175f9826b03c1a920dc1f
click==8.5.0 --hash=sha256:255bc9599cf7748b4b1a446ccc735421bd08a2ae529a8b88597d3de5664ee360
cloudpickle==3.1.2 --hash=sha256:9acb47f6afd73f60dc1df93bb801b472f05ff42fa6c84167d25cb206be1fbf4a
cmake==3.31.6 --hash=sha256:1c8b05df0602365da91ee6a3336fe57525b137706c4ab5675498f662ae1dbcec
compressed-tensors==0.12.2 --hash=sha256:e554ea761710ca2b0c0ea49276a4ef8e08658624f1591e6a7368817106b48fbe
cuda-bindings==13.4.3 --hash=sha256:a9ea13b9cfe711515ae83b5efc99101af4d3f8ad882f99724a839c8b5417fb7e
cuda-pathfinder==1.8.3 --hash=sha256:e29e59829c297a7a5233bd9cc71094fc5bddbd076951482670178f9eade39b1f
cupy-cuda12x==14.2.0 --hash=sha256:5fe2366cc5c61a7ee4a527ce1e8951cb89092d0fb0b5830623cf114d1942c585
depyf==0.20.0 --hash=sha256:d31effad4261cebecb58955d832e448ace88f432328f95f82fd99c30fd9308d4
detect-installer==0.2.1 --hash=sha256:87e2ce7d05cb108b178f8e45bb80d3d88c0cb4b397983345c18ad6562e02e620
dill==0.4.1 --hash=sha256:1e1ce33e978ae97fcfcff5638477032b801c46c7c65cf717f95fbc2248f79a9d
diskcache==5.6.3 --hash=sha256:5e31b2d5fbad117cc363ebaf6b689474db18a1f6438bc82358b024abd4c2ca19
distro==1.9.0 --hash=sha256:7bffd925d65168f85027d8da9af6bddab658135b840670a223589bc0c8ef02b2
dnspython==2.8.0 --hash=sha256:01d9bbc4a2d76bf0db7c1f729812ded6d912bd318d3b1cf81d30c0f845dbf3af
docstring-parser==0.18.0 --hash=sha256:b3fcbed555c47d8479be0796ef7e19c2670d428d72e96da63f3a40122860374b
einops==0.8.2 --hash=sha256:54058201ac7087911181bfec4af6091bb59380360f069276601256a76af08193
email-validator==2.3.0 --hash=sha256:80f13f623413e6b197ae73bb10bf4eb0908faf509ad8362c5edeb0be7fd450b4
fastapi==0.142.2 --hash=sha256:bd5f4d81f1e93a88bcd77caf4dfe3c2dbffc3805407a0007e9a114c18b3a670b
fastapi-cli==0.0.32 --hash=sha256:8dcc286fa32f01bbd3f65dd09cfd5a2540ed5f2230b77db7fd30978d6165f3c4
fastapi-cloud-cli==0.26.0 --hash=sha256:94029f92f3dc4289b376e1213f0d6cc7c30d4f32de7e47b5effc6dc754ab9ce9
fastar==0.12.0 --hash=sha256:471a2f3c7295c296252463ae2eadd87f258dec33a7fec053a553c90930e03392
filelock==4.0.10 --hash=sha256:698048d158dc3c9e18cc5e88b3efdd4bd0e77d76686b22adb4511cc4b2c2f0db
flashinfer-cubin==0.5.2 --hash=sha256:9e236522372b6a1ebb03f25028cf69f30a977249cf638ba09448d15802db04ca
flashinfer-python==0.5.2 --hash=sha256:739c27d86d5ff4e3ad1ea41dcb90bda08e44c332549bf696f9c9c5c57f608e63
frozenlist==1.8.0 --hash=sha256:2552f44204b744fba866e573be4c1f9048d6a324dfe14475103fd51613eb1d1f
fsspec==2026.9.0 --hash=sha256:8dd6e646e99ea382bd85f97a45e6b526a442d79423a7dc673f1e2756d05fcb5f
gguf==0.19.0 --hash=sha256:70bcd10edfe697fb2dad6e40af2234b9d8ece9a41a99761405121ebda1c3c1cd
googleapis-common-protos==1.75.5 --hash=sha256:d7285525c23039db98f2463e6d5a4f9b958b94d497f03a844ece3259c4e72d5d
h11==0.16.0 --hash=sha256:63cf8bbe7522de3bf65932fda1d9c2772064ffb3dae62d55932da54b31cb6c86
hf-xet==1.6.0 --hash=sha256:d62671bb130879cef0ee4c9ebe47a14af6c66ec53e6d84dc15936e5ffdfac82f
httpcore==1.0.9 --hash=sha256:2d400746a40668fc9dec9810239072b40b4484b640a8c38fd654a024c7a1bf55
httpcore2==2.13.1 --hash=sha256:e1e05d4f25f7d7d496bfb96748f6f4b67657b03da069b3a68c36069f3db73d0a
httptools==0.8.0 --hash=sha256:57278e6fa0424c42a8a3e454828ab4f0aff27b40cddf9679579b98c6dce6a376
httpx==0.28.1 --hash=sha256:d909fcccc110f8c7faf814ca82a9a4d816bc5a6dbfea25d6591d6985b8ba59ad
httpx2==2.13.1 --hash=sha256:6dff50fabc270ee5fd25d845d0b078ed20564579744d6d962850975996d2f9a4
huggingface-hub==0.36.2 --hash=sha256:48f0c8eac16145dfce371e9d2d7772854a4f591bcb56c9cf548accf531d54270
idna==3.20 --hash=sha256:ab7ae7122974553370f0bdb919e1a960b2cd1bc1ef0276416d896db81c14582c
interegular==0.3.3 --hash=sha256:b0c07007d48c89d6d19f7204972d369b2a77222722e126b6aa63aa721dc3b19c
jinja2==3.1.6 --hash=sha256:85ece4451f492d0c13c5dd7c13a64681a86afae63a5f347908daf103ce6d2f67
jiter==0.17.0 --hash=sha256:5888fe5abc1ca2fa834a3e1b4c7ef0dcece286a7d7e95a609ef0934b777b9fc9
jmespath==1.1.0 --hash=sha256:a5663118de4908c91729bea0acadca56526eb2698e83de10cd116ae0f4e97c64
jsonschema==4.25.1 --hash=sha256:3fba0169e345c7175110351d456342c364814cfcf3b964ba4587f22915230a63
jsonschema-specifications==2025.9.1 --hash=sha256:98802fee3a11ee76ecaca44429fda8a41bff98b00a0f2838151b113f210cc6fe
lark==1.2.2 --hash=sha256:c2276486b02f0f1b90be155f2c8ba4a8e194d42775786db622faccd652d8e80c
llguidance==1.3.0 --hash=sha256:bc17e9dd602c3879bf91664a64bf72f54c74dbfbeb24ccfab6a5fe435b12f7aa
llvmlite==0.44.0 --hash=sha256:c5d22c3bfc842668168a786af4205ec8e3ad29fb1bc03fd11fd48460d0df64c1
lm-format-enforcer==0.11.3 --hash=sha256:cf586350875def1ae7a8fba84fcbbfc8371424b6c9d05c1fcba70aa233fbf06f
loguru==0.7.3 --hash=sha256:31a33c10c8e1e10422bfd431aeb5d351c7cf7fa671e3c4df004162264b28220c
markdown-it-py==4.2.0 --hash=sha256:9f7ebbcd14fe59494226453aed97c1070d83f8d24b6fc3a3bcf9a38092641c4a
markupsafe==3.0.4 --hash=sha256:6da83a088f8ef93b2d483a8232a4dbf4d69d3d8496b568a03c56becac43e1808
mdurl==0.1.2 --hash=sha256:84008a41e51615a49fc9966191ff91509e3c40b939176e643fd50a5c2196b8f8
mistral-common==1.12.0 --hash=sha256:fa4504b66c30c0201ae4578c0340c5ee2abd22151c271532f62e373b985a53cf
model-hosting-container-standards==0.1.16 --hash=sha256:47f4f65713120bc3a69feb022981a38db9e557aedf88dbd72077f20588caa12b
mpmath==1.3.0 --hash=sha256:a0b2b9fe80bbcd81a6647ff13108738cfb482d481d826cc0e02f5b35e5c88d2c
msgpack==1.2.3 --hash=sha256:382b219de3d436de3baba0f4b0c6d4336e8f5858d0eb047918b13b69a71c6c55
msgspec==0.22.0 --hash=sha256:a6db3806b3b76ca78064255eac6fa101a8a64fe6f698d80fbaf81fdfa21217d4
multidict==6.9.1 --hash=sha256:e8f1e362c9352b50ed120f001046fdbb80810c9d56580f4c3fc13bbe30823387
networkx==3.6.1 --hash=sha256:d47fbf302e7d9cbbb9e2555a0d267983d2aa476bac30e90dfbe5669bd57f3762
ninja==1.11.1.3 --hash=sha256:a27e78ca71316c8654965ee94b286a98c83877bfebe2607db96897bbfe458af0
numba==0.61.2 --hash=sha256:3945615cd73c2c7eba2a85ccc9c1730c21cd3958bfcf5a44302abae0fb07bb60
numpy==2.2.6 --hash=sha256:ba10f8411898fc418a521833e014a77d3ca01c15b0c6cdcce6a0d2897e6dbbdf
nvidia-cublas-cu12==12.8.4.1 --hash=sha256:8ac4e771d5a348c551b2a426eda6193c19aa630236b418086020df5ba9667142
nvidia-cuda-cupti-cu12==12.8.90 --hash=sha256:ea0cb07ebda26bb9b29ba82cda34849e73c166c18162d3913575b0c9db9a6182
nvidia-cuda-nvrtc-cu12==12.8.93 --hash=sha256:a7756528852ef889772a84c6cd89d41dfa74667e24cca16bb31f8f061e3e9994
nvidia-cuda-runtime-cu12==12.8.90 --hash=sha256:adade8dcbd0edf427b7204d480d6066d33902cab2a4707dcfc48a2d0fd44ab90
nvidia-cudnn-cu12==9.10.2.21 --hash=sha256:949452be657fa16687d0930933f032835951ef0892b37d2d53824d1a84dc97a8
nvidia-cudnn-frontend==1.30.0 --hash=sha256:98d3b5e3ef9c951a69ca36978f7b421e744895a810167577d1f57f3926a0202f
nvidia-cufft-cu12==11.3.3.83 --hash=sha256:4d2dd21ec0b88cf61b62e6b43564355e5222e4a3fb394cac0db101f2dd0d4f74
nvidia-cufile-cu12==1.13.1.3 --hash=sha256:1d069003be650e131b21c932ec3d8969c1715379251f8d23a1860554b1cb24fc
nvidia-curand-cu12==10.3.9.90 --hash=sha256:b32331d4f4df5d6eefa0554c565b626c7216f87a06a4f56fab27c3b68a830ec9
nvidia-cusolver-cu12==11.7.3.90 --hash=sha256:4376c11ad263152bd50ea295c05370360776f8c3427b30991df774f9fb26c450
nvidia-cusparse-cu12==12.5.8.93 --hash=sha256:1ec05d76bbbd8b61b06a80e1eaf8cf4959c3d4ce8e711b65ebd0443bb0ebb13b
nvidia-cusparselt-cu12==0.7.1 --hash=sha256:f1bb701d6b930d5a7cea44c19ceb973311500847f81b634d802b7b539dc55623
nvidia-cutlass-dsl==4.8.0 --hash=sha256:24f996e0e5fa88c8b417f4893e615af135bdfdfdbdbed7e239faf36a88df711b
nvidia-cutlass-dsl-libs-base==4.8.0 --hash=sha256:ce3aec4c37b68880e85a7f3f763f8fe4d0503f49516cc855c80012e0fadf92e0
nvidia-cutlass-dsl-libs-core==4.8.0 --hash=sha256:b32716d2ed10c185cdbbb6b5c6fca26a3113a60e6e2fe4e2f0cb15966422b621
nvidia-cutlass-dsl-libs-cu12==4.8.0 --hash=sha256:5dac7aef97fc51df882b68620e1c430e7b4362d0aca17d220727da7681f061df
nvidia-cutlass-dsl-libs-cu13==4.8.0 --hash=sha256:1866559c8da5c3c0815047a1fb414e1745f47069b14bac5168885785b8553dc2
nvidia-ml-py==13.615.71 --hash=sha256:959bf4adf6fe1308e4bd739e722236b0d1ec8392e2cefad33ff70c311380b9b6
nvidia-nccl-cu12==2.27.5 --hash=sha256:ad730cf15cb5d25fe849c6e6ca9eb5b76db16a80f13f425ac68d8e2e55624457
nvidia-nvjitlink-cu12==12.8.93 --hash=sha256:81ff63371a7ebd6e6451970684f916be2eab07321b73c9d244dc2b4da7f73b88
nvidia-nvshmem-cu12==3.3.20 --hash=sha256:d00f26d3f9b2e3c3065be895e3059d6479ea5c638a3f38c9fec49b1b9dd7c1e5
nvidia-nvtx-cu12==12.8.90 --hash=sha256:5b17e2001cc0d751a5bc2c6ec6d26ad95913324a4adb86788c944f8ce9ba441f
openai==3.24.0 --hash=sha256:b59703a3e3b5df78b269e90049d383a1dda58c90104cc4be59db21078db4b7a4
openai-harmony==0.0.8 --hash=sha256:c007d277218a50db8839e599ed78e0fffe5130f614c3f6d93ae257f282071a29
opencv-python-headless==5.0.0.93 --hash=sha256:ed709fdf9aa0bd1f2ed8549e71d19449b03a675bb581eb292285f6861953be37
opentelemetry-api==1.45.0 --hash=sha256:80e068aba7cd56c8b58512d6a36f8d25cb1dfaa0c0a4cc1c938ccf9f362d9cb3
opentelemetry-exporter-http-transport==0.66b0 --hash=sha256:c82689928a11505a2a0a26a04afe0ce06d270d3db984bc16c1a80ffa902db00e
opentelemetry-exporter-otlp-common==0.66b0 --hash=sha256:35d24c867310f4713a9738b0202b6bade77955418fccb9e2f7eea01b76263916
opentelemetry-exporter-otlp-proto-common==1.45.0 --hash=sha256:7e1410ae6d3ed301f7a74bec96467d519d3f37e52f9d95b309ae125e5a1af863
opentelemetry-exporter-otlp-proto-http==1.45.0 --hash=sha256:74385f99266dafdefff41f3da4b76f6dba79d237a9d4487e6ff1ee653c74a0a3
opentelemetry-proto==1.45.0 --hash=sha256:9731566359d7b8e1ee1e149d8e4ad6865bab965e657ad3387ec2784d16927666
opentelemetry-sdk==1.45.0 --hash=sha256:5dc634c946546f61b757c5b1781f9fd1a10e96ffaf7357c797e508fe9c57e75e
opentelemetry-semantic-conventions==0.66b0 --hash=sha256:175b19dd98c4473f4f43a2b1df59186fd7b4a48cd3f77cbe03438b6d6fda230a
outlines-core==0.2.11 --hash=sha256:132605b8dd1e3d1369da6a851992dd357f6376068292f6bd47caa7a28b794d19
packaging==25.0 --hash=sha256:29572ef2b1f17581046b3a2227d5c611fb25ec70ca1ba8554b24b0e69331a484
partial-json-parser==0.2.1.1.post7 --hash=sha256:145119e5eabcf80cbb13844a6b50a85c68bf99d376f8ed771e2a3c3b03e653ae
pillow==12.3.0 --hash=sha256:23d27a3e0307ec2244cc51e7287b919aa68d097504ebe19df4e76a98a3eea5bd
pip==25.0.1 --hash=sha256:c46efd13b6aa8279f33f2864459c8ce587ea6a1a59ee20de055868d8f7688f7f
prometheus-client==0.26.0 --hash=sha256:fa93d06737aa02bacd05794768508bb97d2fbee28cb3bca04eaae92f0ca953d6
prometheus-fastapi-instrumentator==8.1.0 --hash=sha256:b9f40b2cff3f7891ca0610b3ae4fc6ec723fd326b04bb659819aaeb821a0fc7d
propcache==0.5.4 --hash=sha256:6e9368e87a3efc285e559131092c5db643eb8e56de4ee42064d5baec22ef2bb5
protobuf==7.36.2 --hash=sha256:89f23aa53c24553a2416fd4fd1ec06f74fa42b14b546d8883128813f775bbfd2
psutil==7.2.2 --hash=sha256:076a2d2f923fd4821644f5ba89f059523da90dc9014e85f8e45a5774ca5bc6f9
py-cpuinfo==9.0.0 --hash=sha256:859625bc251f64e21f077d099d4162689c762b5d6a4c3c97553d56241c9674d5
pybase64==1.5.0 --hash=sha256:93bc9bdfaf87dc7d79ee0182b255383b7f82a3167d0166b99330d897b59f9053
pycountry==26.2.16 --hash=sha256:115c4baf7cceaa30f59a4694d79483c9167dbce7a9de4d3d571c5f3ea77c305a
pydantic==2.13.5 --hash=sha256:346a034f080da3755d8e9cb5e00e8b07de1d39e4f6e2c87d8ab7cafa0b269a73
pydantic-core==2.46.5 --hash=sha256:49776eab08766a08dfff7012f8b422dcd7e25e43b316eedf0477c24fcfa84b7c
pydantic-extra-types==2.11.1 --hash=sha256:1722ea2bddae5628ace25f2aa685b69978ef533123e5638cfbddb999e0100ec1
pydantic-settings==2.15.0 --hash=sha256:0ba092c291c94baceb5eff768aa0d56400a457585bc0175925a5a5510303da42
pygments==2.21.0 --hash=sha256:2363c69b61c4a97c838da3b130dcd6468f4848992b21a82f2a63ec34377137d9
pyproject-hooks==1.3.3 --hash=sha256:5fc53fdac9f7bd63fbcdc868fb5f90b4784d78a53a3d3388cd738b807441a20b
python-dotenv==1.2.4 --hash=sha256:42269a8a5b3fd54ffa6f3d84b18abed50064717576b4ecf03dc4a55d8aa04fdc
python-json-logger==4.2.0 --hash=sha256:158a52126fcd6869e09574d2b66272666f3dc8f468c62637ef9a1fa883719cb9
python-multipart==0.0.32 --hash=sha256:ff6d3f776f16878c894e52e107296ffc890e913c611b1a4ec6c44e2821fe2e23
pyyaml==6.0.3 --hash=sha256:b8bb0864c5a28024fac8a632c443c87c5aa6f215c0b126c449ae1a150412f31d
pyzmq==27.2.0 --hash=sha256:39755dc4a923021bd0677990ffdbc21cff0e1ee1cf07fe3817acea153ef4cb67
ray==2.59.0 --hash=sha256:645f4676ef6ff2ca8154e83edf0b38583d225b6c6fb83b6050ca1681dc3a8688
referencing==0.37.0 --hash=sha256:381329a9f99628c9069361716891d34ad94af76e461dcb0335825aecc7692231
regex==2026.9.29 --hash=sha256:612b709381c0355b70d89cdb51b7f670591ed5cbbc0e3b5337488019dc667b65
requests==2.34.2 --hash=sha256:2a0d60c172f83ac6ab31e4554906c0f3b3588d37b5cb939b1c061f4907e278e0
rich==15.0.0 --hash=sha256:33bd4ef74232fb73fe9279a257718407f169c09b78a87ad3d296f548e27de0bb
rich-toolkit==0.20.5 --hash=sha256:e21fd616db9c0539d3c50f3433fb1173db95c19d3cbf215615e224182fad6c18
rignore==0.8.1 --hash=sha256:9869b618dc28104003292f26cad26a2d54f6a3941684f16fe9ff435b5df1b0c0
rpds-py==2026.6.3 --hash=sha256:9c1255b302953c86a486b81d330d5ee1d5bd937691ce271b6be0ef0e299eaab7
safetensors==0.8.0 --hash=sha256:fd6f3f93c9a0a7cc2788ee63fb763353d4bd2e89b0751bc78fcf7dda00bea774
scipy==1.17.1 --hash=sha256:43af8d1f3bea642559019edfe64e9b11192a8978efbd1539d7bc2aaa23d92de4
sentencepiece==0.2.2 --hash=sha256:1416b92f2f010333786fe6306ed2631121d5ea492219b0841e967b6765e64107
sentry-sdk==2.71.0 --hash=sha256:9ed36b4c206048aa67b5ddba0a6e28d59fc55cf10d60f5f7aea2c3917184bf4a
setproctitle==1.3.8 --hash=sha256:1a6f6a3b2920f4362e8d924f9e5b084f0b2692a2c140e348abd2e3a07a1def73
setuptools==80.9.0 --hash=sha256:062d34222ad13e0cc312a4c02d73f059e86a4acbfbdea8f8f76b28c99f306922
setuptools-scm==9.2.2 --hash=sha256:30e8f84d2ab1ba7cb0e653429b179395d0c33775d54807fc5f1dd6671801aef7
shellingham==1.5.4 --hash=sha256:7ecfff8f2fd72616f7481040475a65b2bf8af90a56c89140852d1120324e8686
sniffio==1.3.1 --hash=sha256:2f6da418d1f1e0fddd844478f41680e794e6051915791a034ff65e5f100525a2
starlette==1.7.0 --hash=sha256:67f8e99895493dd2911a03f11314af6ceebeae4e704bb9f43dfc6a9db151c93e
supervisor==4.3.0 --hash=sha256:0bcb763fddafba410f35cbde226aa7f8514b9fb82eb05a0c85f6588d1c13f8db
sympy==1.14.0 --hash=sha256:e091cc3e99d2141a0ba2847328f5479b05d94a6635cb96148ccb3f34671bd8f5
tabulate==0.10.0 --hash=sha256:f0b0622e567335c8fabaaa659f1b33bcb6ddfe2e496071b743aa113f8774f2d3
tiktoken==0.14.0 --hash=sha256:f5e7665f6624e052e5e7f6a36919ab69279decdc976d7b16b4fa15e1897d0513
tokenizers==0.22.2 --hash=sha256:369cc9fc8cc10cb24143873a0d95438bb8ee257bb80c71989e3ee290e8d72c67
torch==2.9.0+cu128 --hash=sha256:e97c264478c9fc48f91832749d960f1e349aeb214224ebe65fb09435dd64c59a
torchaudio==2.9.0 --hash=sha256:86b15ce1d74814d5ca14bfac0d3b33f325c8cac4a6f09dcc5b82748133a96792
torchvision==0.24.0 --hash=sha256:78fe414b3bb6dbf7e6f6da6f733ba96881f6b29a9b997228de7c5f603e5ed940
tqdm==4.70.1 --hash=sha256:c293e525e6fef9c20e8728fd4612df02a0aa31bb5fe91ecd93e123b1b7bffa73
triton==3.5.0 --hash=sha256:f34bfa21c5b3a203c0f0eab28dcc1e49bd1f67d22724e77fb6665a659200a4ec
truststore==0.10.4 --hash=sha256:adaeaecf1cbb5f4de3b1959b42d41f6fab57b2b1666adb59e89cb0b53361d981
typer==0.27.2 --hash=sha256:b3a5fc4342d5fc8fda8fc3010b1cf117e9249aab7fae800c2eff62fd3842d97d
typing-extensions==4.16.0 --hash=sha256:481caa481374e813c1b176ada14e97f1f67a4539ce9cfeb3f350d78d6370c2e8
typing-inspection==0.4.4 --hash=sha256:65b8397ba37ccbce054456aaccddfc91e6e3083c92824df348d96ca832f3f147
urllib3==2.8.0 --hash=sha256:0cf3cae568d36aa9576b28dfb35f11328f1cb974ca7647d9475ebb86c75ac6e3
uvicorn==0.54.0 --hash=sha256:505bdb0f318731d45f1f712071fc781a8981f6847a31c902c9f5e652d4f67faf
uvloop==0.23.0 --hash=sha256:ab17b3a8aa754be0de0e397f7b95f13b14e56f077a4c6ae295e3d4afd199b325
watchfiles==1.3.0 --hash=sha256:b5768b49e426fd5b550b012c866db347cdf15c398ef98dc557b6e6b72fa74cd1
websockets==17.2 --hash=sha256:376a693697ddb695ea282ead76060f4847f90e564b12b4389f2c7589e6fadb9e
wheel==0.45.1 --hash=sha256:708e7481cc80179af0e556bbf0cc00b8444c7321e2700b8d8580231d13017248
xformers==0.0.33.post1 --hash=sha256:a8d72c6272453450eede2ed9aaa14448e6525569e14217573057ded146090db3
xgrammar==0.1.25 --hash=sha256:fc19d6d7e8e51b6c9a266e949ac7fb3d2992447efeec7df32cca109149afac18
yarl==1.25.1 --hash=sha256:d5add7b4ca7afeea91d52e4d4e4db3b1fe9885b71f07054560d8c4296b7441a2
flashinfer-jit-cache==0.5.2+cu128 --hash=sha256:8e8afa03ca179581ff13cd0d59db1048fc3610103962d9bf13f628acfe026c35
